
Microsoft Visual Studio Solution File, Format Version 12.00
# Visual Studio Version 16
VisualStudioVersion = 16.0.29920.165
MinimumVisualStudioVersion = 10.0.40219.1
Project("{FAE04EC0-301F-11D3-BF4B-00C04F79EFBC}") = "SimulacionMontecarlo", "SimulacionMontecarlo\SimulacionMontecarlo.csproj", "{63525E50-34E1-47CA-9E90-348835AA4182}"
EndProject
Global
	GlobalSection(SolutionConfigurationPlatforms) = preSolution
		Debug|Any CPU = Debug|Any CPU
		Release|Any CPU = Release|Any CPU
	EndGlobalSection
	GlobalSection(ProjectConfigurationPlatforms) = postSolution
		{63525E50-34E1-47CA-9E90-348835AA4182}.Debug|Any CPU.ActiveCfg = Debug|Any CPU
		{63525E50-34E1-47CA-9E90-348835AA4182}.Debug|Any CPU.Build.0 = Debug|Any CPU
		{63525E50-34E1-47CA-9E90-348835AA4182}.Release|Any CPU.ActiveCfg = Release|Any CPU
		{63525E50-34E1-47CA-9E90-348835AA4182}.Release|Any CPU.Build.0 = Release|Any CPU
	EndGlobalSection
	GlobalSection(SolutionProperties) = preSolution
		HideSolutionNode = FALSE
	EndGlobalSection
	GlobalSection(ExtensibilityGlobals) = postSolution
		SolutionGuid = {11FFDB68-82C8-461B-AFDC-0FAB663F339D}
	EndGlobalSection
EndGlobal
